
Microsoft Visual Studio Solution File, Format Version 12.00
# Visual Studio 14
VisualStudioVersion = 14.0.25420.1
MinimumVisualStudioVersion = 10.0.40219.1
Project("{FAE04EC0-301F-11D3-BF4B-00C04F79EFBC}") = "Gloop.App", "Gloop.App\Gloop.App.csproj", "{DB74CCF5-7535-4641-A042-BF5093944F27}"
EndProject
Project("{FAE04EC0-301F-11D3-BF4B-00C04F79EFBC}") = "Gloop", "Gloop\Gloop.csproj", "{EBA555FA-4A46-41B3-93F1-608DFA7FD7AE}"
EndProject
Project("{FAE04EC0-301F-11D3-BF4B-00C04F79EFBC}") = "Gloop.Tests", "Gloop.Tests\Gloop.Tests.csproj", "{26A80B45-242C-466E-9FB7-8EE110B0D5B0}"
EndProject
Global
	GlobalSection(SolutionConfigurationPlatforms) = preSolution
		Debug|Any CPU = Debug|Any CPU
		Release|Any CPU = Release|Any CPU
	EndGlobalSection
	GlobalSection(ProjectConfigurationPlatforms) = postSolution
		{DB74CCF5-7535-4641-A042-BF5093944F27}.Debug|Any CPU.ActiveCfg = Debug|Any CPU
		{DB74CCF5-7535-4641-A042-BF5093944F27}.Debug|Any CPU.Build.0 = Debug|Any CPU
		{DB74CCF5-7535-4641-A042-BF5093944F27}.Release|Any CPU.ActiveCfg = Release|Any CPU
		{DB74CCF5-7535-4641-A042-BF5093944F27}.Release|Any CPU.Build.0 = Release|Any CPU
		{EBA555FA-4A46-41B3-93F1-608DFA7FD7AE}.Debug|Any CPU.ActiveCfg = Debug|Any CPU
		{EBA555FA-4A46-41B3-93F1-608DFA7FD7AE}.Debug|Any CPU.Build.0 = Debug|Any CPU
		{EBA555FA-4A46-41B3-93F1-608DFA7FD7AE}.Release|Any CPU.ActiveCfg = Release|Any CPU
		{EBA555FA-4A46-41B3-93F1-608DFA7FD7AE}.Release|Any CPU.Build.0 = Release|Any CPU
		{26A80B45-242C-466E-9FB7-8EE110B0D5B0}.Debug|Any CPU.ActiveCfg = Debug|Any CPU
		{26A80B45-242C-466E-9FB7-8EE110B0D5B0}.Debug|Any CPU.Build.0 = Debug|Any CPU
		{26A80B45-242C-466E-9FB7-8EE110B0D5B0}.Release|Any CPU.ActiveCfg = Release|Any CPU
		{26A80B45-242C-466E-9FB7-8EE110B0D5B0}.Release|Any CPU.Build.0 = Release|Any CPU
	EndGlobalSection
	GlobalSection(SolutionProperties) = preSolution
		HideSolutionNode = FALSE
	EndGlobalSection
EndGlobal
